// !$*UTF8*$!
{
	archiveVersion = 1;
	classes = {
	};
	objectVersion = 46;
	objects = {

/* Begin PBXBuildFile section */
		38E5851C1EDF27EB00121ACC /* AppDelegate.swift in Sources */ = {isa = PBXBuildFile; fileRef = 38E5851B1EDF27EB00121ACC /* AppDelegate.swift */; };
		38E5851E1EDF27EB00121ACC /* ViewController.swift in Sources */ = {isa = PBXBuildFile; fileRef = 38E5851D1EDF27EB00121ACC /* ViewController.swift */; };
		38E585201EDF27EB00121ACC /* Assets.xcassets in Resources */ = {isa = PBXBuildFile; fileRef = 38E5851F1EDF27EB00121ACC /* Assets.xcassets */; };
		38E585231EDF27EB00121ACC /* Main.storyboard in Resources */ = {isa = PBXBuildFile; fileRef = 38E585211EDF27EB00121ACC /* Main.storyboard */; };
		38E5852C1EDF27F700121ACC /* StorageManager.swift in Sources */ = {isa = PBXBuildFile; fileRef = 38E5852A1EDF27F700121ACC /* StorageManager.swift */; };
		38E5852D1EDF27F700121ACC /* meta.plist in Resources */ = {isa = PBXBuildFile; fileRef = 38E5852B1EDF27F700121ACC /* meta.plist */; };
		38EA50F31EE047D50068E94C /* Schema.swift in Sources */ = {isa = PBXBuildFile; fileRef = 38EA50F21EE047D50068E94C /* Schema.swift */; };
/* End PBXBuildFile section */

/* Begin PBXFileReference section */
		38E585181EDF27EB00121ACC /* ShadowPlayBalancer.app */ = {isa = PBXFileReference; explicitFileType = wrapper.application; includeInIndex = 0; path = ShadowPlayBalancer.app; sourceTree = BUILT_PRODUCTS_DIR; };
		38E5851B1EDF27EB00121ACC /* AppDelegate.swift */ = {isa = PBXFileReference; lastKnownFileType = sourcecode.swift; path = AppDelegate.swift; sourceTree = "<group>"; };
		38E5851D1EDF27EB00121ACC /* ViewController.swift */ = {isa = PBXFileReference; lastKnownFileType = sourcecode.swift; path = ViewController.swift; sourceTree = "<group>"; };
		38E5851F1EDF27EB00121ACC /* Assets.xcassets */ = {isa = PBXFileReference; lastKnownFileType = folder.assetcatalog; path = Assets.xcassets; sourceTree = "<group>"; };
		38E585221EDF27EB00121ACC /* Base */ = {isa = PBXFileReference; lastKnownFileType = file.storyboard; name = Base; path = Base.lproj/Main.storyboard; sourceTree = "<group>"; };
		38E585241EDF27EB00121ACC /* Info.plist */ = {isa = PBXFileReference; lastKnownFileType = text.plist.xml; path = Info.plist; sourceTree = "<group>"; };
		38E5852A1EDF27F700121ACC /* StorageManager.swift */ = {isa = PBXFileReference; fileEncoding = 4; lastKnownFileType = sourcecode.swift; path = StorageManager.swift; sourceTree = "<group>"; };
		38E5852B1EDF27F700121ACC /* meta.plist */ = {isa = PBXFileReference; fileEncoding = 4; lastKnownFileType = text.plist.xml; path = meta.plist; sourceTree = "<group>"; };
		38EA50F21EE047D50068E94C /* Schema.swift */ = {isa = PBXFileReference; fileEncoding = 4; lastKnownFileType = sourcecode.swift; path = Schema.swift; sourceTree = "<group>"; };
/* End PBXFileReference section */

/* Begin PBXFrameworksBuildPhase section */
		38E585151EDF27EB00121ACC /* Frameworks */ = {
			isa = PBXFrameworksBuildPhase;
			buildActionMask = 2147483647;
			files = (
			);
			runOnlyForDeploymentPostprocessing = 0;
		};
/* End PBXFrameworksBuildPhase section */

/* Begin PBXGroup section */
		38E5850F1EDF27EB00121ACC = {
			isa = PBXGroup;
			children = (
				38E5851A1EDF27EB00121ACC /* ShadowPlayBalancer */,
				38E585191EDF27EB00121ACC /* Products */,
			);
			sourceTree = "<group>";
		};
		38E585191EDF27EB00121ACC /* Products */ = {
			isa = PBXGroup;
			children = (
				38E585181EDF27EB00121ACC /* ShadowPlayBalancer.app */,
			);
			name = Products;
			sourceTree = "<group>";
		};
		38E5851A1EDF27EB00121ACC /* ShadowPlayBalancer */ = {
			isa = PBXGroup;
			children = (
				38E5852A1EDF27F700121ACC /* StorageManager.swift */,
				38E5852B1EDF27F700121ACC /* meta.plist */,
				38E5851B1EDF27EB00121ACC /* AppDelegate.swift */,
				38E5851D1EDF27EB00121ACC /* ViewController.swift */,
				38E5851F1EDF27EB00121ACC /* Assets.xcassets */,
				38E585211EDF27EB00121ACC /* Main.storyboard */,
				38E585241EDF27EB00121ACC /* Info.plist */,
				38EA50F21EE047D50068E94C /* Schema.swift */,
			);
			path = ShadowPlayBalancer;
			sourceTree = "<group>";
		};
/* End PBXGroup section */

/* Begin PBXNativeTarget section */
		38E585171EDF27EB00121ACC /* ShadowPlayBalancer */ = {
			isa = PBXNativeTarget;
			buildConfigurationList = 38E585271EDF27EB00121ACC /* Build configuration list for PBXNativeTarget "ShadowPlayBalancer" */;
			buildPhases = (
				38E585141EDF27EB00121ACC /* Sources */,
				38E585151EDF27EB00121ACC /* Frameworks */,
				38E585161EDF27EB00121ACC /* Resources */,
			);
			buildRules = (
			);
			dependencies = (
			);
			name = ShadowPlayBalancer;
			productName = ShadowPlayBalancer;
			productReference = 38E585181EDF27EB00121ACC /* ShadowPlayBalancer.app */;
			productType = "com.apple.product-type.application";
		};
/* End PBXNativeTarget section */

/* Begin PBXProject section */
		38E585101EDF27EB00121ACC /* Project object */ = {
			isa = PBXProject;
			attributes = {
				LastSwiftUpdateCheck = 0830;
				LastUpgradeCheck = 0830;
				ORGANIZATIONNAME = Des;
				TargetAttributes = {
					38E585171EDF27EB00121ACC = {
						CreatedOnToolsVersion = 8.3.2;
						DevelopmentTeam = ZVFJNT9ZZW;
						ProvisioningStyle = Automatic;
					};
				};
			};
			buildConfigurationList = 38E585131EDF27EB00121ACC /* Build configuration list for PBXProject "ShadowPlayBalancer" */;
			compatibilityVersion = "Xcode 3.2";
			developmentRegion = English;
			hasScannedForEncodings = 0;
			knownRegions = (
				en,
				Base,
			);
			mainGroup = 38E5850F1EDF27EB00121ACC;
			productRefGroup = 38E585191EDF27EB00121ACC /* Products */;
			projectDirPath = "";
			projectRoot = "";
			targets = (
				38E585171EDF27EB00121ACC /* ShadowPlayBalancer */,
			);
		};
/* End PBXProject section */

/* Begin PBXResourcesBuildPhase section */
		38E585161EDF27EB00121ACC /* Resources */ = {
			isa = PBXResourcesBuildPhase;
			buildActionMask = 2147483647;
			files = (
				38E585201EDF27EB00121ACC /* Assets.xcassets in Resources */,
				38E5852D1EDF27F700121ACC /* meta.plist in Resources */,
				38E585231EDF27EB00121ACC /* Main.storyboard in Resources */,
			);
			runOnlyForDeploymentPostprocessing = 0;
		};
/* End PBXResourcesBuildPhase section */

/* Begin PBXSourcesBuildPhase section */
		38E585141EDF27EB00121ACC /* Sources */ = {
			isa = PBXSourcesBuildPhase;
			buildActionMask = 2147483647;
			files = (
				38EA50F31EE047D50068E94C /* Schema.swift in Sources */,
				38E5852C1EDF27F700121ACC /* StorageManager.swift in Sources */,
				38E5851E1EDF27EB00121ACC /* ViewController.swift in Sources */,
				38E5851C1EDF27EB00121ACC /* AppDelegate.swift in Sources */,
			);
			runOnlyForDeploymentPostprocessing = 0;
		};
/* End PBXSourcesBuildPhase section */

/* Begin PBXVariantGroup section */
		38E585211EDF27EB00121ACC /* Main.storyboard */ = {
			isa = PBXVariantGroup;
			children = (
				38E585221EDF27EB00121ACC /* Base */,
			);
			name = Main.storyboard;
			sourceTree = "<group>";
		};
/* End PBXVariantGroup section */

/* Begin XCBuildConfiguration section */
		38E585251EDF27EB00121ACC /* Debug */ = {
			isa = XCBuildConfiguration;
			buildSettings = {
				ALWAYS_SEARCH_USER_PATHS = NO;
				CLANG_ANALYZER_NONNULL = YES;
				CLANG_ANALYZER_NUMBER_OBJECT_CONVERSION = YES_AGGRESSIVE;
				CLANG_CXX_LANGUAGE_STANDARD = "gnu++0x";
				CLANG_CXX_LIBRARY = "libc++";
				CLANG_ENABLE_MODULES = YES;
				CLANG_ENABLE_OBJC_ARC = YES;
				CLANG_WARN_BOOL_CONVERSION = YES;
				CLANG_WARN_CONSTANT_CONVERSION = YES;
				CLANG_WARN_DIRECT_OBJC_ISA_USAGE = YES_ERROR;
				CLANG_WARN_DOCUMENTATION_COMMENTS = YES;
				CLANG_WARN_EMPTY_BODY = YES;
				CLANG_WARN_ENUM_CONVERSION = YES;
				CLANG_WARN_INFINITE_RECURSION = YES;
				CLANG_WARN_INT_CONVERSION = YES;
				CLANG_WARN_OBJC_ROOT_CLASS = YES_ERROR;
				CLANG_WARN_SUSPICIOUS_MOVE = YES;
				CLANG_WARN_UNREACHABLE_CODE = YES;
				CLANG_WARN__DUPLICATE_METHOD_MATCH = YES;
				CODE_SIGN_IDENTITY = "-";
				COPY_PHASE_STRIP = NO;
				DEBUG_INFORMATION_FORMAT = dwarf;
				ENABLE_STRICT_OBJC_MSGSEND = YES;
				ENABLE_TESTABILITY = YES;
				GCC_C_LANGUAGE_STANDARD = gnu99;
				GCC_DYNAMIC_NO_PIC = NO;
				GCC_NO_COMMON_BLOCKS = YES;
				GCC_OPTIMIZATION_LEVEL = 0;
				GCC_PREPROCESSOR_DEFINITIONS = (
					"DEBUG=1",
					"$(inherited)",
				);
				GCC_WARN_64_TO_32_BIT_CONVERSION = YES;
				GCC_WARN_ABOUT_RETURN_TYPE = YES_ERROR;
				GCC_WARN_UNDECLARED_SELECTOR = YES;
				GCC_WARN_UNINITIALIZED_AUTOS = YES_AGGRESSIVE;
				GCC_WARN_UNUSED_FUNCTION = YES;
				GCC_WARN_UNUSED_VARIABLE = YES;
				MACOSX_DEPLOYMENT_TARGET = 10.12;
				MTL_ENABLE_DEBUG_INFO = YES;
				ONLY_ACTIVE_ARCH = YES;
				SDKROOT = macosx;
				SWIFT_ACTIVE_COMPILATION_CONDITIONS = DEBUG;
				SWIFT_OPTIMIZATION_LEVEL = "-Onone";
			};
			name = Debug;
		};
		38E585261EDF27EB00121ACC /* Release */ = {
			isa = XCBuildConfiguration;
			buildSettings = {
				ALWAYS_SEARCH_USER_PATHS = NO;
				CLANG_ANALYZER_NONNULL = YES;
				CLANG_ANALYZER_NUMBER_OBJECT_CONVERSION = YES_AGGRESSIVE;
				CLANG_CXX_LANGUAGE_STANDARD = "gnu++0x";
				CLANG_CXX_LIBRARY = "libc++";
				CLANG_ENABLE_MODULES = YES;
				CLANG_ENABLE_OBJC_ARC = YES;
				CLANG_WARN_BOOL_CONVERSION = YES;
				CLANG_WARN_CONSTANT_CONVERSION = YES;
				CLANG_WARN_DIRECT_OBJC_ISA_USAGE = YES_ERROR;
				CLANG_WARN_DOCUMENTATION_COMMENTS = YES;
				CLANG_WARN_EMPTY_BODY = YES;
				CLANG_WARN_ENUM_CONVERSION = YES;
				CLANG_WARN_INFINITE_RECURSION = YES;
				CLANG_WARN_INT_CONVERSION = YES;
				CLANG_WARN_OBJC_ROOT_CLASS = YES_ERROR;
				CLANG_WARN_SUSPICIOUS_MOVE = YES;
				CLANG_WARN_UNREACHABLE_CODE = YES;
				CLANG_WARN__DUPLICATE_METHOD_MATCH = YES;
				CODE_SIGN_IDENTITY = "-";
				COPY_PHASE_STRIP = NO;
				DEBUG_INFORMATION_FORMAT = "dwarf-with-dsym";
				ENABLE_NS_ASSERTIONS = NO;
				ENABLE_STRICT_OBJC_MSGSEND = YES;
				GCC_C_LANGUAGE_STANDARD = gnu99;
				GCC_NO_COMMON_BLOCKS = YES;
				GCC_WARN_64_TO_32_BIT_CONVERSION = YES;
				GCC_WARN_ABOUT_RETURN_TYPE = YES_ERROR;
				GCC_WARN_UNDECLARED_SELECTOR = YES;
				GCC_WARN_UNINITIALIZED_AUTOS = YES_AGGRESSIVE;
				GCC_WARN_UNUSED_FUNCTION = YES;
				GCC_WARN_UNUSED_VARIABLE = YES;
				MACOSX_DEPLOYMENT_TARGET = 10.12;
				MTL_ENABLE_DEBUG_INFO = NO;
				SDKROOT = macosx;
				SWIFT_OPTIMIZATION_LEVEL = "-Owholemodule";
			};
			name = Release;
		};
		38E585281EDF27EB00121ACC /* Debug */ = {
			isa = XCBuildConfiguration;
			buildSettings = {
				ASSETCATALOG_COMPILER_APPICON_NAME = AppIcon;
				COMBINE_HIDPI_IMAGES = YES;
				DEVELOPMENT_TEAM = ZVFJNT9ZZW;
				INFOPLIST_FILE = ShadowPlayBalancer/Info.plist;
				LD_RUNPATH_SEARCH_PATHS = "$(inherited) @executable_path/../Frameworks";
				PRODUCT_BUNDLE_IDENTIFIER = Des.ShadowPlayBalancer;
				PRODUCT_NAME = "$(TARGET_NAME)";
				SWIFT_VERSION = 3.0;
			};
			name = Debug;
		};
		38E585291EDF27EB00121ACC /* Release */ = {
			isa = XCBuildConfiguration;
			buildSettings = {
				ASSETCATALOG_COMPILER_APPICON_NAME = AppIcon;
				COMBINE_HIDPI_IMAGES = YES;
				DEVELOPMENT_TEAM = ZVFJNT9ZZW;
				INFOPLIST_FILE = ShadowPlayBalancer/Info.plist;
				LD_RUNPATH_SEARCH_PATHS = "$(inherited) @executable_path/../Frameworks";
				PRODUCT_BUNDLE_IDENTIFIER = Des.ShadowPlayBalancer;
				PRODUCT_NAME = "$(TARGET_NAME)";
				SWIFT_VERSION = 3.0;
			};
			name = Release;
		};
/* End XCBuildConfiguration section */

/* Begin XCConfigurationList section */
		38E585131EDF27EB00121ACC /* Build configuration list for PBXProject "ShadowPlayBalancer" */ = {
			isa = XCConfigurationList;
			buildConfigurations = (
				38E585251EDF27EB00121ACC /* Debug */,
				38E585261EDF27EB00121ACC /* Release */,
			);
			defaultConfigurationIsVisible = 0;
			defaultConfigurationName = Release;
		};
		38E585271EDF27EB00121ACC /* Build configuration list for PBXNativeTarget "ShadowPlayBalancer" */ = {
			isa = XCConfigurationList;
			buildConfigurations = (
				38E585281EDF27EB00121ACC /* Debug */,
				38E585291EDF27EB00121ACC /* Release */,
			);
			defaultConfigurationIsVisible = 0;
			defaultConfigurationName = Release;
		};
/* End XCConfigurationList section */
	};
	rootObject = 38E585101EDF27EB00121ACC /* Project object */;
}
